
Microsoft Visual Studio Solution File, Format Version 11.00
# Visual Studio 2010
Project("{FAE04EC0-301F-11D3-BF4B-00C04F79EFBC}") = "odoo_inventory", "odoo_inventory\odoo_inventory.csproj", "{15631415-612B-4A03-BF89-5D4AAC84D34E}"
EndProject
Global
	GlobalSection(SolutionConfigurationPlatforms) = preSolution
		Debug|x86 = Debug|x86
		Release|x86 = Release|x86
	EndGlobalSection
	GlobalSection(ProjectConfigurationPlatforms) = postSolution
		{15631415-612B-4A03-BF89-5D4AAC84D34E}.Debug|x86.ActiveCfg = Debug|x86
		{15631415-612B-4A03-BF89-5D4AAC84D34E}.Debug|x86.Build.0 = Debug|x86
		{15631415-612B-4A03-BF89-5D4AAC84D34E}.Release|x86.ActiveCfg = Release|x86
		{15631415-612B-4A03-BF89-5D4AAC84D34E}.Release|x86.Build.0 = Release|x86
	EndGlobalSection
	GlobalSection(MonoDevelopProperties) = preSolution
		StartupItem = odoo_inventory\odoo_inventory.csproj
	EndGlobalSection
EndGlobal
